
Microsoft Visual Studio Solution File, Format Version 12.00
# Visual Studio Version 16
VisualStudioVersion = 16.0.30717.126
MinimumVisualStudioVersion = 10.0.40219.1
Project("{FAE04EC0-301F-11D3-BF4B-00C04F79EFBC}") = "TestWPF", "TestWPF\TestWPF.csproj", "{9DB96F0A-F9E3-4A21-AC15-7F40716BD09A}"
EndProject
Project("{FAE04EC0-301F-11D3-BF4B-00C04F79EFBC}") = "TSBase", "TSBase\TSBase.csproj", "{65D7D19A-A047-47CB-85A7-B25961C89D0E}"
EndProject
Global
	GlobalSection(SolutionConfigurationPlatforms) = preSolution
		Debug|Any CPU = Debug|Any CPU
		Release|Any CPU = Release|Any CPU
	EndGlobalSection
	GlobalSection(ProjectConfigurationPlatforms) = postSolution
		{9DB96F0A-F9E3-4A21-AC15-7F40716BD09A}.Debug|Any CPU.ActiveCfg = Debug|Any CPU
		{9DB96F0A-F9E3-4A21-AC15-7F40716BD09A}.Debug|Any CPU.Build.0 = Debug|Any CPU
		{9DB96F0A-F9E3-4A21-AC15-7F40716BD09A}.Release|Any CPU.ActiveCfg = Release|Any CPU
		{9DB96F0A-F9E3-4A21-AC15-7F40716BD09A}.Release|Any CPU.Build.0 = Release|Any CPU
		{65D7D19A-A047-47CB-85A7-B25961C89D0E}.Debug|Any CPU.ActiveCfg = Debug|Any CPU
		{65D7D19A-A047-47CB-85A7-B25961C89D0E}.Debug|Any CPU.Build.0 = Debug|Any CPU
		{65D7D19A-A047-47CB-85A7-B25961C89D0E}.Release|Any CPU.ActiveCfg = Release|Any CPU
		{65D7D19A-A047-47CB-85A7-B25961C89D0E}.Release|Any CPU.Build.0 = Release|Any CPU
	EndGlobalSection
	GlobalSection(SolutionProperties) = preSolution
		HideSolutionNode = FALSE
	EndGlobalSection
	GlobalSection(ExtensibilityGlobals) = postSolution
		SolutionGuid = {F7B11249-9DC9-465E-8055-294D2E95AFFE}
	EndGlobalSection
EndGlobal
